<?xml version="1.0" encoding="utf-8"?>
<Project ToolsVersion="4.0" xmlns="http://schemas.microsoft.com/developer/msbuild/2003">
  <ItemGroup>
    <Filter Include="Engine">
      <UniqueIdentifier>{7f1a3b50-6a3f-4c8e-8b1e-72b2a1c0d3e4}</UniqueIdentifier>
    </Filter>
    <Filter Include="Engine\Core">
      <UniqueIdentifier>{a1b2c3d4-e5f6-4a5b-bcde-f1e2d3c4b5a6}</UniqueIdentifier>
    </Filter>
    <Filter Include="Engine\Camera">
      <UniqueIdentifier>{e5f6a7b8-c9d0-4e1f-2a3b-4c5d6e7f8a9b}</UniqueIdentifier>
    </Filter>
    <Filter Include="Engine\Graphics">
      <UniqueIdentifier>{b1c2d3e4-f5a6-4b5c-8d9e-0f1a2b3c4d5e}</UniqueIdentifier>
    </Filter>
    <Filter Include="Engine\Math">
      <UniqueIdentifier>{d3e4f5a6-b7c8-4d9e-0f1a-2b3c4d5e6f7a}</UniqueIdentifier>
    </Filter>
    <Filter Include="Engine\Asset">
      <UniqueIdentifier>{c9d0e1f2-a3b4-4c5d-6e7f-8a9b0c1d2e3f}</UniqueIdentifier>
    </Filter>
    <Filter Include="Engine\Physics">
      <UniqueIdentifier>{f1e2d3c4-b5a6-4f7e-8d9c-0b1a2c3d4e5f}</UniqueIdentifier>
    </Filter>
    <Filter Include="Engine\Spatial">
      <UniqueIdentifier>{a7b8c9d0-e1f2-4a3b-9c4d-5e6f7a8b9c0d}</UniqueIdentifier>
    </Filter>
    <Filter Include="Editor">
      <UniqueIdentifier>{a8b9c0d1-e2f3-4a5b-6c7d-8e9f0a1b2c3d}</UniqueIdentifier>
    </Filter>
    <Filter Include="Editor\Panels">
      <UniqueIdentifier>{d4e5f6a7-b8c9-4d0e-1f2a-3b4c5d6e7f8a}</UniqueIdentifier>
    </Filter>
    <Filter Include="Editor\Command">
      <UniqueIdentifier>{b2c3d4e5-f6a7-4b8c-9d0e-1f2a3b4c5d6e}</UniqueIdentifier>
    </Filter>
    <Filter Include="Resource">
      <UniqueIdentifier>{e4f5a6b7-c8d9-4e0f-1a2b-3c4d5e6f7a8b}</UniqueIdentifier>
    </Filter>
    <Filter Include="Tools">
      <UniqueIdentifier>{c4d5e6f7-a8b9-4c0d-1e2f-3a4b5c6d7e8f}</UniqueIdentifier>
    </Filter>
    <Filter Include="Resource\Shaders">
      <UniqueIdentifier>{f5a6b7c8-d9e0-4f1a-2b3c-4d5e6f7a8b9c}</UniqueIdentifier>
    </Filter>
    <Filter Include="Engine\Renderer">
      <UniqueIdentifier>{a2b3c4d5-e6f7-4a8b-9c0d-1e2f3a4b5c6d}</UniqueIdentifier>
    </Filter>
    <Filter Include="Engine\Renderer\RenderGraph">
      <UniqueIdentifier>{b3c4d5e6-f7a8-4b9c-0d1e-2f3a4b5c6d7e}</UniqueIdentifier>
    </Filter>
    <Filter Include="Engine\Renderer\Material">
      <UniqueIdentifier>{d5e6f7a8-b9c0-4d1e-2f3a-4b5c6d7e8f9a}</UniqueIdentifier>
    </Filter>
    <Filter Include="Engine\Renderer\Effect">
      <UniqueIdentifier>{f9a0b1c2-d3e4-4f5a-6b7c-8d9e0f1a2b3c}</UniqueIdentifier>
    </Filter>
    <Filter Include="Engine\Animation">
      <UniqueIdentifier>{b2c3d4e5-f6a7-48b9-9c0d-1e2f3a4b5c6d}</UniqueIdentifier>
    </Filter>
    <Filter Include="Engine\Renderer\PostProcess">
      <UniqueIdentifier>{a1b2c3d4-0000-4a5b-bcde-000000000001}</UniqueIdentifier>
    </Filter>
  </ItemGroup>
  <ItemGroup>
    <None Include="Resource\Shaders\GBufferPass.VS.hlsl">
      <Filter>Resource\Shaders</Filter>
    </None>
    <None Include="Resource\Shaders\GBufferPassSkinned.VS.hlsl">
      <Filter>Resource\Shaders</Filter>
    </None>
    <None Include="Resource\Shaders\GBufferPass.PS.hlsl">
      <Filter>Resource\Shaders</Filter>
    </None>
    <None Include="Resource\Shaders\LightingPass.VS.hlsl">
      <Filter>Resource\Shaders</Filter>
    </None>
    <None Include="Resource\Shaders\LightingPass.PS.hlsl">
      <Filter>Resource\Shaders</Filter>
    </None>
    <None Include="Resource\Shaders\ShadowPass.VS.hlsl">
      <Filter>Resource\Shaders</Filter>
    </None>
    <None Include="Tools\compile_shaders.ps1">
      <Filter>Tools</Filter>
    </None>
    <None Include="Resource\Shaders\IBL_BRDF.CS.hlsl">
      <Filter>Resource\Shaders</Filter>
    </None>
    <None Include="Resource\Shaders\IBL_Irradiance.CS.hlsl">
      <Filter>Resource\Shaders</Filter>
    </None>
    <None Include="Resource\Shaders\IBL_Prefilter.CS.hlsl">
      <Filter>Resource\Shaders</Filter>
    </None>
    <None Include="Resource\Shaders\ShadowPassSkinned.VS.hlsl">
      <Filter>Resource\Shaders</Filter>
    </None>
    <None Include="Resource\Shaders\Particle.VS.hlsl">
      <Filter>Resource\Shaders</Filter>
    </None>
    <None Include="Resource\Shaders\Particle.PS.hlsl">
      <Filter>Resource\Shaders</Filter>
    </None>
    <None Include="Resource\Shaders\Beam.VS.hlsl">
      <Filter>Resource\Shaders</Filter>
    </None>
    <None Include="Resource\Shaders\Beam.PS.hlsl">
      <Filter>Resource\Shaders</Filter>
    </None>
    <None Include="Resource\Shaders\ParticleGPU.VS.hlsl">
      <Filter>Resource\Shaders</Filter>
    </None>
    <None Include="Resource\Shaders\ParticleGPU_Spawn.CS.hlsl">
      <Filter>Resource\Shaders</Filter>
    </None>
    <None Include="Resource\Shaders\ParticleGPU_Update.CS.hlsl">
      <Filter>Resource\Shaders</Filter>
    </None>
    <None Include="Resource\Shaders\SSAO.CS.hlsl">
      <Filter>Resource\Shaders</Filter>
    </None>
    <None Include="Resource\Shaders\TAA.CS.hlsl">
      <Filter>Resource\Shaders</Filter>
    </None>
    <None Include="Resource\Shaders\SSR.CS.hlsl">
      <Filter>Resource\Shaders</Filter>
    </None>
    <None Include="Resource\Shaders\SSAOBlur.CS.hlsl">
      <Filter>Resource\Shaders</Filter>
    </None>
    <None Include="Resource\Shaders\BloomDownsample.CS.hlsl">
      <Filter>Resource\Shaders</Filter>
    </None>
    <None Include="Resource\Shaders\BloomUpsample.CS.hlsl">
      <Filter>Resource\Shaders</Filter>
    </None>
    <None Include="Resource\Shaders\TonemapFXAA.PS.hlsl">
      <Filter>Resource\Shaders</Filter>
    </None>
    <None Include="Resource\Shaders\Translucency.VS.hlsl">
      <Filter>Resource\Shaders</Filter>
    </None>
    <None Include="Resource\Shaders\Translucency.PS.hlsl">
      <Filter>Resource\Shaders</Filter>
    </None>
    <None Include="Resource\Shaders\Random.hlsli">
      <Filter>Resource\Shaders</Filter>
    </None>
    <None Include="Resource\Shaders\Noise.hlsli">
      <Filter>Resource\Shaders</Filter>
    </None>
  </ItemGroup>
  <ItemGroup>
    <ClCompile Include="main.cpp" />
    <ClCompile Include="Engine\Core\Win32Window.cpp">
      <Filter>Engine\Core</Filter>
    </ClCompile>
    <ClCompile Include="Engine\Core\Component.cpp">
      <Filter>Engine\Core</Filter>
    </ClCompile>
    <ClCompile Include="Engine\Core\Actor.cpp">
      <Filter>Engine\Core</Filter>
    </ClCompile>
    <ClCompile Include="Engine\Core\TransformComponent.cpp">
      <Filter>Engine\Core</Filter>
    </ClCompile>
    <ClCompile Include="Engine\Core\MeshComponent.cpp">
      <Filter>Engine\Core</Filter>
    </ClCompile>
    <ClCompile Include="Engine\Core\AnimationComponent.cpp">
      <Filter>Engine\Core</Filter>
    </ClCompile>
    <ClCompile Include="Engine\Core\LightComponent.cpp">
      <Filter>Engine\Core</Filter>
    </ClCompile>
    <ClCompile Include="Engine\Core\CameraComponent.cpp">
      <Filter>Engine\Core</Filter>
    </ClCompile>
    <ClCompile Include="Engine\Camera\DebugCamera.cpp">
      <Filter>Engine\Camera</Filter>
    </ClCompile>
    <ClCompile Include="Engine\Core\SceneManager.cpp">
      <Filter>Engine\Core</Filter>
    </ClCompile>
    <ClCompile Include="Engine\Asset\SceneSerializer.cpp">
      <Filter>Engine\Asset</Filter>
    </ClCompile>
    <ClCompile Include="Engine\Graphics\GraphicsDevice.cpp">
      <Filter>Engine\Graphics</Filter>
    </ClCompile>
    <ClCompile Include="Engine\Asset\GeometryManager.cpp">
      <Filter>Engine\Asset</Filter>
    </ClCompile>
    <ClCompile Include="Engine\Asset\TextureManager.cpp">
      <Filter>Engine\Asset</Filter>
    </ClCompile>
    <ClCompile Include="Engine\Renderer\GBuffer.cpp">
      <Filter>Engine\Renderer</Filter>
    </ClCompile>
    <ClCompile Include="Engine\Renderer\GBufferPass.cpp">
      <Filter>Engine\Renderer</Filter>
    </ClCompile>
    <ClCompile Include="Engine\Renderer\LightingPass.cpp">
      <Filter>Engine\Renderer</Filter>
    </ClCompile>
    <ClCompile Include="Engine\Renderer\TranslucencyPass.cpp">
      <Filter>Engine\Renderer</Filter>
    </ClCompile>
    <ClCompile Include="Engine\Renderer\ShadowPass.cpp">
      <Filter>Engine\Renderer</Filter>
    </ClCompile>
    <ClCompile Include="Engine\Renderer\IBLPreprocessor.cpp">
      <Filter>Engine\Renderer</Filter>
    </ClCompile>
    <ClCompile Include="Engine\Renderer\SceneRenderer.cpp">
      <Filter>Engine\Renderer</Filter>
    </ClCompile>
    <ClCompile Include="Engine\Renderer\RenderGraph\RenderGraph.cpp">
      <Filter>Engine\Renderer\RenderGraph</Filter>
    </ClCompile>
    <ClCompile Include="Engine\Renderer\Material\MaterialManager.cpp">
      <Filter>Engine\Renderer\Material</Filter>
    </ClCompile>
    <ClCompile Include="Engine\Graphics\ShaderReflection.cpp">
      <Filter>Engine\Graphics</Filter>
    </ClCompile>
    <ClCompile Include="Engine\Math\Matrix.cpp">
      <Filter>Engine\Math</Filter>
    </ClCompile>
    <ClCompile Include="Engine\Math\Quaternion.cpp">
      <Filter>Engine\Math</Filter>
    </ClCompile>
    <ClCompile Include="Engine\Math\Vector.cpp">
      <Filter>Engine\Math</Filter>
    </ClCompile>
    <ClCompile Include="Editor\EditorApp.cpp">
      <Filter>Editor</Filter>
    </ClCompile>
    <ClCompile Include="Editor\Command\TransformCommand.cpp">
      <Filter>Editor\Command</Filter>
    </ClCompile>
    <ClCompile Include="Editor\Panels\SceneHierarchyPanel.cpp">
      <Filter>Editor\Panels</Filter>
    </ClCompile>
    <ClCompile Include="Editor\Panels\InspectorPanel.cpp">
      <Filter>Editor\Panels</Filter>
    </ClCompile>
    <ClCompile Include="Editor\Panels\ContentBrowserPanel.cpp">
      <Filter>Editor\Panels</Filter>
    </ClCompile>
    <ClCompile Include="Editor\Panels\RenderPassEditorPanel.cpp">
      <Filter>Editor\Panels</Filter>
    </ClCompile>
    <ClCompile Include="Editor\Panels\EffectEditorPanel.cpp">
      <Filter>Editor\Panels</Filter>
    </ClCompile>
    <ClCompile Include="Editor\Panels\PostProcessPanel.cpp">
      <Filter>Editor\Panels</Filter>
    </ClCompile>
    <ClCompile Include="Engine\Renderer\Effect\Emitter.cpp">
      <Filter>Engine\Renderer\Effect</Filter>
    </ClCompile>
    <ClCompile Include="Engine\Renderer\Effect\ParticlePresets.cpp">
      <Filter>Engine\Renderer\Effect</Filter>
    </ClCompile>
    <ClCompile Include="Engine\Renderer\Effect\ParticlePass.cpp">
      <Filter>Engine\Renderer\Effect</Filter>
    </ClCompile>
    <ClCompile Include="Engine\Core\ParticleComponent.cpp">
      <Filter>Engine\Core</Filter>
    </ClCompile>
    <ClCompile Include="Engine\Core\RigidbodyComponent.cpp">
      <Filter>Engine\Core</Filter>
    </ClCompile>
    <ClCompile Include="Engine\Core\ColliderComponent.cpp">
      <Filter>Engine\Core</Filter>
    </ClCompile>
    <ClCompile Include="Engine\Physics\PhysicsWorld.cpp">
      <Filter>Engine\Physics</Filter>
    </ClCompile>
    <ClCompile Include="Engine\Renderer\PostProcess\PostProcessPass.cpp">
      <Filter>Engine\Renderer\PostProcess</Filter>
    </ClCompile>
  </ItemGroup>
  <ItemGroup>
    <ClInclude Include="Engine\Core\Win32Window.h">
      <Filter>Engine\Core</Filter>
    </ClInclude>
    <ClInclude Include="Engine\Core\Component.h">
      <Filter>Engine\Core</Filter>
    </ClInclude>
    <ClInclude Include="Engine\Core\Actor.h">
      <Filter>Engine\Core</Filter>
    </ClInclude>
    <ClInclude Include="Engine\Core\TransformComponent.h">
      <Filter>Engine\Core</Filter>
    </ClInclude>
    <ClInclude Include="Engine\Core\MeshComponent.h">
      <Filter>Engine\Core</Filter>
    </ClInclude>
    <ClInclude Include="Engine\Core\AnimationComponent.h">
      <Filter>Engine\Core</Filter>
    </ClInclude>
    <ClInclude Include="Engine\Core\CameraComponent.h">
      <Filter>Engine\Core</Filter>
    </ClInclude>
    <ClInclude Include="Engine\Camera\DebugCamera.h">
      <Filter>Engine\Camera</Filter>
    </ClInclude>
    <ClInclude Include="Engine\Animation\AnimationTypes.h">
      <Filter>Engine\Animation</Filter>
    </ClInclude>
    <ClInclude Include="Engine\Asset\SkeletalMeshAsset.h">
      <Filter>Engine\Asset</Filter>
    </ClInclude>
    <ClInclude Include="Engine\Core\LightComponent.h">
      <Filter>Engine\Core</Filter>
    </ClInclude>
    <ClInclude Include="Engine\Core\SceneManager.h">
      <Filter>Engine\Core</Filter>
    </ClInclude>
    <ClInclude Include="Engine\Asset\SceneSerializer.h">
      <Filter>Engine\Asset</Filter>
    </ClInclude>
    <ClInclude Include="Engine\Graphics\DxcHelper.h">
      <Filter>Engine\Graphics</Filter>
    </ClInclude>
    <ClInclude Include="Engine\Graphics\GraphicsDevice.h">
      <Filter>Engine\Graphics</Filter>
    </ClInclude>
    <ClInclude Include="Engine\Asset\MeshAsset.h">
      <Filter>Engine\Asset</Filter>
    </ClInclude>
    <ClInclude Include="Engine\Asset\GeometryManager.h">
      <Filter>Engine\Asset</Filter>
    </ClInclude>
    <ClInclude Include="Engine\Asset\TextureManager.h">
      <Filter>Engine\Asset</Filter>
    </ClInclude>
    <ClInclude Include="Engine\Renderer\GBuffer.h">
      <Filter>Engine\Renderer</Filter>
    </ClInclude>
    <ClInclude Include="Engine\Renderer\GBufferPass.h">
      <Filter>Engine\Renderer</Filter>
    </ClInclude>
    <ClInclude Include="Engine\Renderer\LightingPass.h">
      <Filter>Engine\Renderer</Filter>
    </ClInclude>
    <ClInclude Include="Engine\Renderer\TranslucencyPass.h">
      <Filter>Engine\Renderer</Filter>
    </ClInclude>
    <ClInclude Include="Engine\Renderer\ShadowPass.h">
      <Filter>Engine\Renderer</Filter>
    </ClInclude>
    <ClInclude Include="Engine\Renderer\IBLPreprocessor.h">
      <Filter>Engine\Renderer</Filter>
    </ClInclude>
    <ClInclude Include="Engine\Renderer\SceneRenderer.h">
      <Filter>Engine\Renderer</Filter>
    </ClInclude>
    <ClInclude Include="Engine\Renderer\RenderGraph\RGTypes.h">
      <Filter>Engine\Renderer\RenderGraph</Filter>
    </ClInclude>
    <ClInclude Include="Engine\Renderer\RenderGraph\RenderGraph.h">
      <Filter>Engine\Renderer\RenderGraph</Filter>
    </ClInclude>
    <ClInclude Include="Engine\Renderer\Material\Material.h">
      <Filter>Engine\Renderer\Material</Filter>
    </ClInclude>
    <ClInclude Include="Engine\Renderer\Material\MaterialManager.h">
      <Filter>Engine\Renderer\Material</Filter>
    </ClInclude>
    <ClInclude Include="Engine\Graphics\ShaderReflectionTypes.h">
      <Filter>Engine\Graphics</Filter>
    </ClInclude>
    <ClInclude Include="Engine\Graphics\ShaderReflection.h">
      <Filter>Engine\Graphics</Filter>
    </ClInclude>
    <ClInclude Include="Engine\Math\Math.h">
      <Filter>Engine\Math</Filter>
    </ClInclude>
    <ClInclude Include="Engine\Math\MathBase.h">
      <Filter>Engine\Math</Filter>
    </ClInclude>
    <ClInclude Include="Engine\Math\Matrix.h">
      <Filter>Engine\Math</Filter>
    </ClInclude>
    <ClInclude Include="Engine\Math\Quaternion.h">
      <Filter>Engine\Math</Filter>
    </ClInclude>
    <ClInclude Include="Engine\Math\Transform.h">
      <Filter>Engine\Math</Filter>
    </ClInclude>
    <ClInclude Include="Engine\Math\Vector.h">
      <Filter>Engine\Math</Filter>
    </ClInclude>
    <ClInclude Include="Editor\EditorApp.h">
      <Filter>Editor</Filter>
    </ClInclude>
    <ClInclude Include="Editor\Command\ICommand.h">
      <Filter>Editor\Command</Filter>
    </ClInclude>
    <ClInclude Include="Editor\Command\CommandHistory.h">
      <Filter>Editor\Command</Filter>
    </ClInclude>
    <ClInclude Include="Editor\Command\TransformCommand.h">
      <Filter>Editor\Command</Filter>
    </ClInclude>
    <ClInclude Include="Editor\Panels\SceneHierarchyPanel.h">
      <Filter>Editor\Panels</Filter>
    </ClInclude>
    <ClInclude Include="Editor\Panels\InspectorPanel.h">
      <Filter>Editor\Panels</Filter>
    </ClInclude>
    <ClInclude Include="Editor\Panels\ContentBrowserPanel.h">
      <Filter>Editor\Panels</Filter>
    </ClInclude>
    <ClInclude Include="Editor\Panels\RenderPassEditorPanel.h">
      <Filter>Editor\Panels</Filter>
    </ClInclude>
    <ClInclude Include="Editor\Panels\EffectEditorPanel.h">
      <Filter>Editor\Panels</Filter>
    </ClInclude>
    <ClInclude Include="Editor\Panels\PostProcessPanel.h">
      <Filter>Editor\Panels</Filter>
    </ClInclude>
    <ClInclude Include="Engine\Renderer\Effect\ParticleTypes.h">
      <Filter>Engine\Renderer\Effect</Filter>
    </ClInclude>
    <ClInclude Include="Engine\Renderer\Effect\Emitter.h">
      <Filter>Engine\Renderer\Effect</Filter>
    </ClInclude>
    <ClInclude Include="Engine\Renderer\Effect\ParticlePass.h">
      <Filter>Engine\Renderer\Effect</Filter>
    </ClInclude>
    <ClInclude Include="Engine\Core\RigidbodyComponent.h">
      <Filter>Engine\Core</Filter>
    </ClInclude>
    <ClInclude Include="Engine\Core\ColliderComponent.h">
      <Filter>Engine\Core</Filter>
    </ClInclude>
    <ClInclude Include="Engine\Spatial\Bvh.h">
      <Filter>Engine\Spatial</Filter>
    </ClInclude>
    <ClInclude Include="Engine\Physics\PhysicsWorld.h">
      <Filter>Engine\Physics</Filter>
    </ClInclude>
    <ClInclude Include="Engine\Core\ParticleComponent.h">
      <Filter>Engine\Core</Filter>
    </ClInclude>
    <ClInclude Include="Engine\Renderer\PostProcess\PostProcessPass.h">
      <Filter>Engine\Renderer\PostProcess</Filter>
    </ClInclude>
  </ItemGroup>
</Project>